Microsoft Visual Studio Solution File, Format Version 12.00
# Visual Studio Version 17
VisualStudioVersion = 17.5.2.0
MinimumVisualStudioVersion = 10.0.40219.1
Project("{FAE04EC0-301F-11D3-BF4B-00C04F79EFBC}") = "uRiskorn", "uRiskorn.csproj", "{B55440D4-6469-909E-4BEF-C071C0D2F58A}"
EndProject
Global
	GlobalSection(SolutionConfigurationPlatforms) = preSolution
		Debug|Any CPU = Debug|Any CPU
		Release|Any CPU = Release|Any CPU
	EndGlobalSection
	GlobalSection(ProjectConfigurationPlatforms) = postSolution
		{B55440D4-6469-909E-4BEF-C071C0D2F58A}.Debug|Any CPU.ActiveCfg = Debug|Any CPU
		{B55440D4-6469-909E-4BEF-C071C0D2F58A}.Debug|Any CPU.Build.0 = Debug|Any CPU
		{B55440D4-6469-909E-4BEF-C071C0D2F58A}.Release|Any CPU.ActiveCfg = Release|Any CPU
		{B55440D4-6469-909E-4BEF-C071C0D2F58A}.Release|Any CPU.Build.0 = Release|Any CPU
	EndGlobalSection
	GlobalSection(SolutionProperties) = preSolution
		HideSolutionNode = FALSE
	EndGlobalSection
	GlobalSection(ExtensibilityGlobals) = postSolution
		SolutionGuid = {D0EEB99A-2031-4047-90B7-0395EACFB2A7}
	EndGlobalSection
EndGlobal
